
Microsoft Visual Studio Solution File, Format Version 12.00
# Visual Studio Version 17
VisualStudioVersion = 17.5.33530.505
MinimumVisualStudioVersion = 10.0.40219.1
Project("{FAE04EC0-301F-11D3-BF4B-00C04F79EFBC}") = "Cache", "Cache.csproj", "{575F76DF-4206-4489-8F09-098634D361A0}"
EndProject
Global
	GlobalSection(SolutionConfigurationPlatforms) = preSolution
		Debug|Any CPU = Debug|Any CPU
		Release|Any CPU = Release|Any CPU
	EndGlobalSection
	GlobalSection(ProjectConfigurationPlatforms) = postSolution
		{575F76DF-4206-4489-8F09-098634D361A0}.Debug|Any CPU.ActiveCfg = Debug|Any CPU
		{575F76DF-4206-4489-8F09-098634D361A0}.Debug|Any CPU.Build.0 = Debug|Any CPU
		{575F76DF-4206-4489-8F09-098634D361A0}.Release|Any CPU.ActiveCfg = Release|Any CPU
		{575F76DF-4206-4489-8F09-098634D361A0}.Release|Any CPU.Build.0 = Release|Any CPU
	EndGlobalSection
	GlobalSection(SolutionProperties) = preSolution
		HideSolutionNode = FALSE
	EndGlobalSection
	GlobalSection(ExtensibilityGlobals) = postSolution
		SolutionGuid = {AA3D6ACC-7368-4E56-A4B6-DD679CF8C883}
	EndGlobalSection
EndGlobal
